
Microsoft Visual Studio Solution File, Format Version 12.00
# Visual Studio Version 17
VisualStudioVersion = 17.3.32922.545
MinimumVisualStudioVersion = 10.0.40219.1
Project("{FAE04EC0-301F-11D3-BF4B-00C04F79EFBC}") = "MIZ_1", "MIZ_1\MIZ_1.csproj", "{7E7832DA-8A1E-44AF-84AD-24A4354659E1}"
EndProject
Global
	GlobalSection(SolutionConfigurationPlatforms) = preSolution
		Debug|Any CPU = Debug|Any CPU
		Release|Any CPU = Release|Any CPU
	EndGlobalSection
	GlobalSection(ProjectConfigurationPlatforms) = postSolution
		{7E7832DA-8A1E-44AF-84AD-24A4354659E1}.Debug|Any CPU.ActiveCfg = Debug|Any CPU
		{7E7832DA-8A1E-44AF-84AD-24A4354659E1}.Debug|Any CPU.Build.0 = Debug|Any CPU
		{7E7832DA-8A1E-44AF-84AD-24A4354659E1}.Release|Any CPU.ActiveCfg = Release|Any CPU
		{7E7832DA-8A1E-44AF-84AD-24A4354659E1}.Release|Any CPU.Build.0 = Release|Any CPU
	EndGlobalSection
	GlobalSection(SolutionProperties) = preSolution
		HideSolutionNode = FALSE
	EndGlobalSection
	GlobalSection(ExtensibilityGlobals) = postSolution
		SolutionGuid = {8909BA45-FD0B-4CE3-96A7-180228A3DF76}
	EndGlobalSection
EndGlobal
